
Microsoft Visual Studio Solution File, Format Version 12.00
# Visual Studio Version 17
VisualStudioVersion = 17.3.32929.385
MinimumVisualStudioVersion = 10.0.40219.1
Project("{FAE04EC0-301F-11D3-BF4B-00C04F79EFBC}") = "FormsWmi", "FormsWmi.csproj", "{9AF11634-C1E2-4D42-B675-DDE6D0DBE260}"
EndProject
Global
	GlobalSection(SolutionConfigurationPlatforms) = preSolution
		Debug|Any CPU = Debug|Any CPU
		Release|Any CPU = Release|Any CPU
	EndGlobalSection
	GlobalSection(ProjectConfigurationPlatforms) = postSolution
		{9AF11634-C1E2-4D42-B675-DDE6D0DBE260}.Debug|Any CPU.ActiveCfg = Debug|Any CPU
		{9AF11634-C1E2-4D42-B675-DDE6D0DBE260}.Debug|Any CPU.Build.0 = Debug|Any CPU
		{9AF11634-C1E2-4D42-B675-DDE6D0DBE260}.Release|Any CPU.ActiveCfg = Release|Any CPU
		{9AF11634-C1E2-4D42-B675-DDE6D0DBE260}.Release|Any CPU.Build.0 = Release|Any CPU
	EndGlobalSection
	GlobalSection(SolutionProperties) = preSolution
		HideSolutionNode = FALSE
	EndGlobalSection
	GlobalSection(ExtensibilityGlobals) = postSolution
		SolutionGuid = {F3BE6641-A210-4072-8D32-D77D91D5247C}
	EndGlobalSection
EndGlobal
